
Microsoft Visual Studio Solution File, Format Version 12.00
Project("{FAE04EC0-301F-11D3-BF4B-00C04F79EFBC}") = "Rnd.Bot.Discord", "Rnd.Bot.Discord\Rnd.Bot.Discord.csproj", "{878AAB8E-554B-4F9B-B902-04EE165CE3D4}"
EndProject
Project("{FAE04EC0-301F-11D3-BF4B-00C04F79EFBC}") = "Rnd.Api.Client", "Rnd.Api.Client\Rnd.Api.Client.csproj", "{876BE26E-A858-4BD2-8035-A80F7AA054F1}"
EndProject
Project("{FAE04EC0-301F-11D3-BF4B-00C04F79EFBC}") = "Rnd", "Rnd\Rnd.csproj", "{4E5EC1AC-6CA6-47DF-BDED-60DFF5FC7E52}"
EndProject
Project("{FAE04EC0-301F-11D3-BF4B-00C04F79EFBC}") = "Rnd.Data", "Rnd.Data\Rnd.Data.csproj", "{696470B8-CB91-41C5-8ACC-B0F9941304C1}"
EndProject
Project("{FAE04EC0-301F-11D3-BF4B-00C04F79EFBC}") = "Rnd.Result", "Rnd.Result\Rnd.Result.csproj", "{5DB19227-11AB-4A2B-A874-086F54ECFEA9}"
EndProject
Global
	GlobalSection(SolutionConfigurationPlatforms) = preSolution
		Debug|Any CPU = Debug|Any CPU
		Release|Any CPU = Release|Any CPU
	EndGlobalSection
	GlobalSection(ProjectConfigurationPlatforms) = postSolution
		{878AAB8E-554B-4F9B-B902-04EE165CE3D4}.Debug|Any CPU.ActiveCfg = Debug|Any CPU
		{878AAB8E-554B-4F9B-B902-04EE165CE3D4}.Debug|Any CPU.Build.0 = Debug|Any CPU
		{878AAB8E-554B-4F9B-B902-04EE165CE3D4}.Release|Any CPU.ActiveCfg = Release|Any CPU
		{878AAB8E-554B-4F9B-B902-04EE165CE3D4}.Release|Any CPU.Build.0 = Release|Any CPU
		{876BE26E-A858-4BD2-8035-A80F7AA054F1}.Debug|Any CPU.ActiveCfg = Debug|Any CPU
		{876BE26E-A858-4BD2-8035-A80F7AA054F1}.Debug|Any CPU.Build.0 = Debug|Any CPU
		{876BE26E-A858-4BD2-8035-A80F7AA054F1}.Release|Any CPU.ActiveCfg = Release|Any CPU
		{876BE26E-A858-4BD2-8035-A80F7AA054F1}.Release|Any CPU.Build.0 = Release|Any CPU
		{4E5EC1AC-6CA6-47DF-BDED-60DFF5FC7E52}.Debug|Any CPU.ActiveCfg = Debug|Any CPU
		{4E5EC1AC-6CA6-47DF-BDED-60DFF5FC7E52}.Debug|Any CPU.Build.0 = Debug|Any CPU
		{4E5EC1AC-6CA6-47DF-BDED-60DFF5FC7E52}.Release|Any CPU.ActiveCfg = Release|Any CPU
		{4E5EC1AC-6CA6-47DF-BDED-60DFF5FC7E52}.Release|Any CPU.Build.0 = Release|Any CPU
		{696470B8-CB91-41C5-8ACC-B0F9941304C1}.Debug|Any CPU.ActiveCfg = Debug|Any CPU
		{696470B8-CB91-41C5-8ACC-B0F9941304C1}.Debug|Any CPU.Build.0 = Debug|Any CPU
		{696470B8-CB91-41C5-8ACC-B0F9941304C1}.Release|Any CPU.ActiveCfg = Release|Any CPU
		{696470B8-CB91-41C5-8ACC-B0F9941304C1}.Release|Any CPU.Build.0 = Release|Any CPU
		{5DB19227-11AB-4A2B-A874-086F54ECFEA9}.Debug|Any CPU.ActiveCfg = Debug|Any CPU
		{5DB19227-11AB-4A2B-A874-086F54ECFEA9}.Debug|Any CPU.Build.0 = Debug|Any CPU
		{5DB19227-11AB-4A2B-A874-086F54ECFEA9}.Release|Any CPU.ActiveCfg = Release|Any CPU
		{5DB19227-11AB-4A2B-A874-086F54ECFEA9}.Release|Any CPU.Build.0 = Release|Any CPU
	EndGlobalSection
EndGlobal
