
Microsoft Visual Studio Solution File, Format Version 12.00
Project("{FAE04EC0-301F-11D3-BF4B-00C04F79EFBC}") = "Rnd.Bot.Discord", "Rnd.Bot.Discord\Rnd.Bot.Discord.csproj", "{878AAB8E-554B-4F9B-B902-04EE165CE3D4}"
EndProject
Project("{FAE04EC0-301F-11D3-BF4B-00C04F79EFBC}") = "Rnd.Api", "Rnd.Api\Rnd.Api.csproj", "{A388B5F2-72C4-4DDD-91B9-E156D5ABCC01}"
EndProject
Project("{FAE04EC0-301F-11D3-BF4B-00C04F79EFBC}") = "Rnd.Api.Models", "Rnd.Api.Models\Rnd.Api.Models.csproj", "{876BE26E-A858-4BD2-8035-A80F7AA054F1}"
EndProject
Global
	GlobalSection(SolutionConfigurationPlatforms) = preSolution
		Debug|Any CPU = Debug|Any CPU
		Release|Any CPU = Release|Any CPU
	EndGlobalSection
	GlobalSection(ProjectConfigurationPlatforms) = postSolution
		{878AAB8E-554B-4F9B-B902-04EE165CE3D4}.Debug|Any CPU.ActiveCfg = Debug|Any CPU
		{878AAB8E-554B-4F9B-B902-04EE165CE3D4}.Debug|Any CPU.Build.0 = Debug|Any CPU
		{878AAB8E-554B-4F9B-B902-04EE165CE3D4}.Release|Any CPU.ActiveCfg = Release|Any CPU
		{878AAB8E-554B-4F9B-B902-04EE165CE3D4}.Release|Any CPU.Build.0 = Release|Any CPU
		{A388B5F2-72C4-4DDD-91B9-E156D5ABCC01}.Debug|Any CPU.ActiveCfg = Debug|Any CPU
		{A388B5F2-72C4-4DDD-91B9-E156D5ABCC01}.Debug|Any CPU.Build.0 = Debug|Any CPU
		{A388B5F2-72C4-4DDD-91B9-E156D5ABCC01}.Release|Any CPU.ActiveCfg = Release|Any CPU
		{A388B5F2-72C4-4DDD-91B9-E156D5ABCC01}.Release|Any CPU.Build.0 = Release|Any CPU
		{876BE26E-A858-4BD2-8035-A80F7AA054F1}.Debug|Any CPU.ActiveCfg = Debug|Any CPU
		{876BE26E-A858-4BD2-8035-A80F7AA054F1}.Debug|Any CPU.Build.0 = Debug|Any CPU
		{876BE26E-A858-4BD2-8035-A80F7AA054F1}.Release|Any CPU.ActiveCfg = Release|Any CPU
		{876BE26E-A858-4BD2-8035-A80F7AA054F1}.Release|Any CPU.Build.0 = Release|Any CPU
	EndGlobalSection
EndGlobal
